
Microsoft Visual Studio Solution File, Format Version 12.00
# Visual Studio 2013
VisualStudioVersion = 12.0.30501.0
MinimumVisualStudioVersion = 10.0.40219.1
Project("{FAE04EC0-301F-11D3-BF4B-00C04F79EFBC}") = "QtSharp", "QtSharp\QtSharp.csproj", "{861046E1-DA11-4229-B9B6-45426E7A723E}"
EndProject
Project("{FAE04EC0-301F-11D3-BF4B-00C04F79EFBC}") = "QtSharp.CLI", "QtSharp.CLI\QtSharp.CLI.csproj", "{DBDEB3EE-2EB3-4F03-8276-A7D5A350EB95}"
EndProject
Project("{FAE04EC0-301F-11D3-BF4B-00C04F79EFBC}") = "QtSharp.Tests", "QtSharp.Tests\QtSharp.Tests.csproj", "{5E8F503D-1B37-4298-855D-06F81B5B4630}"
EndProject
Project("{2150E333-8FDC-42A3-9474-1A3956D46DE8}") = "Documentation", "Documentation", "{137A0346-F288-4399-BAEB-935E27A384E1}"
	ProjectSection(SolutionItems) = preProject
		..\Documentation\2. Get Started.md = ..\Documentation\2. Get Started.md
		..\Documentation\Home.md = ..\Documentation\Home.md
		..\Documentation\How-It-Works.md = ..\Documentation\How-It-Works.md
		..\Documentation\How-to-use.md = ..\Documentation\How-to-use.md
		..\Documentation\Sidebar.md = ..\Documentation\Sidebar.md
	EndProjectSection
EndProject
Project("{2150E333-8FDC-42A3-9474-1A3956D46DE8}") = "Images", "Images", "{8D259B44-55D7-4E82-AA34-6AD0C4D7D3DF}"
	ProjectSection(SolutionItems) = preProject
		..\Documentation\Images\2.1-1.png = ..\Documentation\Images\2.1-1.png
		..\Documentation\Images\2.1-10.png = ..\Documentation\Images\2.1-10.png
		..\Documentation\Images\2.1-11.png = ..\Documentation\Images\2.1-11.png
		..\Documentation\Images\2.1-12.png = ..\Documentation\Images\2.1-12.png
		..\Documentation\Images\2.1-13.png = ..\Documentation\Images\2.1-13.png
		..\Documentation\Images\2.1-14.png = ..\Documentation\Images\2.1-14.png
		..\Documentation\Images\2.1-15.png = ..\Documentation\Images\2.1-15.png
		..\Documentation\Images\2.1-16.png = ..\Documentation\Images\2.1-16.png
		..\Documentation\Images\2.1-2.png = ..\Documentation\Images\2.1-2.png
		..\Documentation\Images\2.1-20.png = ..\Documentation\Images\2.1-20.png
		..\Documentation\Images\2.1-3.png = ..\Documentation\Images\2.1-3.png
		..\Documentation\Images\2.2-1.png = ..\Documentation\Images\2.2-1.png
		..\Documentation\Images\2.2-2.png = ..\Documentation\Images\2.2-2.png
		..\Documentation\Images\2.2-3.png = ..\Documentation\Images\2.2-3.png
		..\Documentation\Images\2.3-1.png = ..\Documentation\Images\2.3-1.png
	EndProjectSection
EndProject
Global
	GlobalSection(SolutionConfigurationPlatforms) = preSolution
		Debug|Any CPU = Debug|Any CPU
		Debug|x86 = Debug|x86
		Release|Any CPU = Release|Any CPU
		Release|x86 = Release|x86
	EndGlobalSection
	GlobalSection(ProjectConfigurationPlatforms) = postSolution
		{861046E1-DA11-4229-B9B6-45426E7A723E}.Debug|Any CPU.ActiveCfg = Debug|Any CPU
		{861046E1-DA11-4229-B9B6-45426E7A723E}.Debug|Any CPU.Build.0 = Debug|Any CPU
		{861046E1-DA11-4229-B9B6-45426E7A723E}.Debug|x86.ActiveCfg = Debug|Any CPU
		{861046E1-DA11-4229-B9B6-45426E7A723E}.Debug|x86.Build.0 = Debug|Any CPU
		{861046E1-DA11-4229-B9B6-45426E7A723E}.Release|Any CPU.ActiveCfg = Release|Any CPU
		{861046E1-DA11-4229-B9B6-45426E7A723E}.Release|Any CPU.Build.0 = Release|Any CPU
		{861046E1-DA11-4229-B9B6-45426E7A723E}.Release|x86.ActiveCfg = Release|Any CPU
		{DBDEB3EE-2EB3-4F03-8276-A7D5A350EB95}.Debug|Any CPU.ActiveCfg = Debug|Any CPU
		{DBDEB3EE-2EB3-4F03-8276-A7D5A350EB95}.Debug|Any CPU.Build.0 = Debug|Any CPU
		{DBDEB3EE-2EB3-4F03-8276-A7D5A350EB95}.Debug|x86.ActiveCfg = Debug|x86
		{DBDEB3EE-2EB3-4F03-8276-A7D5A350EB95}.Debug|x86.Build.0 = Debug|x86
		{DBDEB3EE-2EB3-4F03-8276-A7D5A350EB95}.Release|Any CPU.ActiveCfg = Release|Any CPU
		{DBDEB3EE-2EB3-4F03-8276-A7D5A350EB95}.Release|Any CPU.Build.0 = Release|Any CPU
		{DBDEB3EE-2EB3-4F03-8276-A7D5A350EB95}.Release|x86.ActiveCfg = Release|x86
		{DBDEB3EE-2EB3-4F03-8276-A7D5A350EB95}.Release|x86.Build.0 = Release|x86
		{5E8F503D-1B37-4298-855D-06F81B5B4630}.Debug|Any CPU.ActiveCfg = Debug|Any CPU
		{5E8F503D-1B37-4298-855D-06F81B5B4630}.Debug|Any CPU.Build.0 = Debug|Any CPU
		{5E8F503D-1B37-4298-855D-06F81B5B4630}.Debug|x86.ActiveCfg = Debug|Any CPU
		{5E8F503D-1B37-4298-855D-06F81B5B4630}.Release|Any CPU.ActiveCfg = Release|Any CPU
		{5E8F503D-1B37-4298-855D-06F81B5B4630}.Release|Any CPU.Build.0 = Release|Any CPU
		{5E8F503D-1B37-4298-855D-06F81B5B4630}.Release|x86.ActiveCfg = Release|Any CPU
	EndGlobalSection
	GlobalSection(SolutionProperties) = preSolution
		HideSolutionNode = FALSE
	EndGlobalSection
	GlobalSection(NestedProjects) = preSolution
		{8D259B44-55D7-4E82-AA34-6AD0C4D7D3DF} = {137A0346-F288-4399-BAEB-935E27A384E1}
	EndGlobalSection
EndGlobal
